# This file is automatically @generated by Poetry 1.8.2 and should not be changed by hand.

[[package]]
name = "asgiref"
version = "3.11.1"
description = "ASGI specs, helper code, and adapters"
optional = false
python-versions = ">=3.9"
files = [
    {file = "asgiref-3.11.1-py3-none-any.whl", hash = "sha256:e8667a091e69529631969fd45dc268fa79b99c92c5fcdda727757e52146ec133"},
    {file = "asgiref-3.11.1.tar.gz", hash = "sha256:5f184dc43b7e763efe848065441eac62229c9f7b0475f41f80e207a114eda4ce"},
]

[package.extras]
tests = ["mypy (>=1.14.0)", "pytest", "pytest-asyncio"]

[[package]]
name = "django"
version = "6.0.3"
description = "A high-level Python web framework that encourages rapid development and clean, pragmatic design."
optional = false
python-versions = ">=3.12"
files = [
    {file = "django-6.0.3-py3-none-any.whl", hash = "sha256:2e5974441491ddb34c3f13d5e7a9f97b07ba03bf70234c0a9c68b79bbb235bc3"},
    {file = "django-6.0.3.tar.gz", hash = "sha256:90be765ee756af8a6cbd6693e56452404b5ad15294f4d5e40c0a55a0f4870fe1"},
]

[package.dependencies]
asgiref = ">=3.9.1"
sqlparse = ">=0.5.0"
tzdata = {version = "*", markers = "sys_platform == \"win32\""}

[package.extras]
argon2 = ["argon2-cffi (>=23.1.0)"]
bcrypt = ["bcrypt (>=4.1.1)"]

[[package]]
name = "django-settings-holder"
version = "0.3.0"
description = "Object that allows settings to be accessed with attributes."
optional = false
python-versions = "<4,>=3.10"
files = [
    {file = "django_settings_holder-0.3.0-py3-none-any.whl", hash = "sha256:97c69c47129fcd8be5fc351f80cf31c8f3f7ecaec418bc2c20200382a0be52c0"},
    {file = "django_settings_holder-0.3.0.tar.gz", hash = "sha256:d41eb6d6023d61c08e395f2406fd6f047d1edff2f0346d04323f3681f12372ef"},
]

[package.dependencies]
Django = ">=4.2"

[[package]]
name = "graphql-core"
version = "3.2.8"
description = "GraphQL implementation for Python, a port of GraphQL.js, the JavaScript reference implementation for GraphQL."
optional = false
python-versions = "<4,>=3.7"
files = [
    {file = "graphql_core-3.2.8-py3-none-any.whl", hash = "sha256:cbee07bee1b3ed5e531723685369039f32ff815ef60166686e0162f540f1520c"},
    {file = "graphql_core-3.2.8.tar.gz", hash = "sha256:015457da5d996c924ddf57a43f4e959b0b94fb695b85ed4c29446e508ed65cf3"},
]

[[package]]
name = "sqlparse"
version = "0.5.5"
description = "A non-validating SQL parser."
optional = false
python-versions = ">=3.8"
files = [
    {file = "sqlparse-0.5.5-py3-none-any.whl", hash = "sha256:12a08b3bf3eec877c519589833aed092e2444e68240a3577e8e26148acc7b1ba"},
    {file = "sqlparse-0.5.5.tar.gz", hash = "sha256:e20d4a9b0b8585fdf63b10d30066c7c94c5d7a7ec47c889a2d83a3caa93ff28e"},
]

[package.extras]
dev = ["build"]
doc = ["sphinx"]

[[package]]
name = "tzdata"
version = "2025.3"
description = "Provider of IANA time zone data"
optional = false
python-versions = ">=2"
files = [
    {file = "tzdata-2025.3-py2.py3-none-any.whl", hash = "sha256:06a47e5700f3081aab02b2e513160914ff0694bce9947d6b76ebd6bf57cfc5d1"},
    {file = "tzdata-2025.3.tar.gz", hash = "sha256:de39c2ca5dc7b0344f2eba86f49d614019d29f060fc4ebc8a417896a620b56a7"},
]

[[package]]
name = "undine"
version = "0.3.4"
description = "A GraphQL library for Django"
optional = false
python-versions = "<4,>=3.11"
files = [
    {file = "undine-0.3.4-py3-none-any.whl", hash = "sha256:33a78332573976ea48717823c8c556956d91ef55ca203d374d01c391c71c2044"},
    {file = "undine-0.3.4.tar.gz", hash = "sha256:ee3515b41729f955f7b3f5835c2afe4b621d90ff49a54e3abd72b6aa83ec1984"},
]

[package.dependencies]
django = ">=5.0"
django-settings-holder = ">=0.3.0"
graphql-core = ">=3.2.7"
sqlparse = ">=0.5.3"

[package.extras]
channels = ["channels (>=4.2.2)"]
debug = ["django-debug-toolbar (>=5.2.0)"]
image = ["pillow (>=11.2.1)"]

[metadata]
lock-version = "2.0"
python-versions = "^3.12"
content-hash = "13ae38c1fd7eb29345e9fbafda95bd1b6c0a1aa8b07bf58c8988f54f442a21b0"
